// !$*UTF8*$!
{
	archiveVersion = 1;
	classes = {
	};
	objectVersion = 46;
	objects = {

/* Begin PBXBuildFile section */
		613E08DD1D1CF6E20001F98A /* AppDelegate.swift in Sources */ = {isa = PBXBuildFile; fileRef = 613E08DC1D1CF6E20001F98A /* AppDelegate.swift */; };
		613E08DF1D1CF6E20001F98A /* ViewController.swift in Sources */ = {isa = PBXBuildFile; fileRef = 613E08DE1D1CF6E20001F98A /* ViewController.swift */; };
		613E08E21D1CF6E20001F98A /* Main.storyboard in Resources */ = {isa = PBXBuildFile; fileRef = 613E08E01D1CF6E20001F98A /* Main.storyboard */; };
		613E08E41D1CF6E20001F98A /* Assets.xcassets in Resources */ = {isa = PBXBuildFile; fileRef = 613E08E31D1CF6E20001F98A /* Assets.xcassets */; };
		613E08E71D1CF6E20001F98A /* LaunchScreen.storyboard in Resources */ = {isa = PBXBuildFile; fileRef = 613E08E51D1CF6E20001F98A /* LaunchScreen.storyboard */; };
		613E08F21D1CF6E20001F98A /* PrescriptionTests.swift in Sources */ = {isa = PBXBuildFile; fileRef = 613E08F11D1CF6E20001F98A /* PrescriptionTests.swift */; };
		613E08FD1D1CF6E20001F98A /* PrescriptionUITests.swift in Sources */ = {isa = PBXBuildFile; fileRef = 613E08FC1D1CF6E20001F98A /* PrescriptionUITests.swift */; };
		613E090B1D1CFDB30001F98A /* MapPharmacy.swift in Sources */ = {isa = PBXBuildFile; fileRef = 613E090A1D1CFDB30001F98A /* MapPharmacy.swift */; };
/* End PBXBuildFile section */

/* Begin PBXContainerItemProxy section */
		613E08EE1D1CF6E20001F98A /* PBXContainerItemProxy */ = {
			isa = PBXContainerItemProxy;
			containerPortal = 613E08D11D1CF6E10001F98A /* Project object */;
			proxyType = 1;
			remoteGlobalIDString = 613E08D81D1CF6E20001F98A;
			remoteInfo = Prescription;
		};
		613E08F91D1CF6E20001F98A /* PBXContainerItemProxy */ = {
			isa = PBXContainerItemProxy;
			containerPortal = 613E08D11D1CF6E10001F98A /* Project object */;
			proxyType = 1;
			remoteGlobalIDString = 613E08D81D1CF6E20001F98A;
			remoteInfo = Prescription;
		};
/* End PBXContainerItemProxy section */

/* Begin PBXFileReference section */
		613E08D91D1CF6E20001F98A /* Prescription.app */ = {isa = PBXFileReference; explicitFileType = wrapper.application; includeInIndex = 0; path = Prescription.app; sourceTree = BUILT_PRODUCTS_DIR; };
		613E08DC1D1CF6E20001F98A /* AppDelegate.swift */ = {isa = PBXFileReference; lastKnownFileType = sourcecode.swift; path = AppDelegate.swift; sourceTree = "<group>"; };
		613E08DE1D1CF6E20001F98A /* ViewController.swift */ = {isa = PBXFileReference; lastKnownFileType = sourcecode.swift; path = ViewController.swift; sourceTree = "<group>"; };
		613E08E11D1CF6E20001F98A /* Base */ = {isa = PBXFileReference; lastKnownFileType = file.storyboard; name = Base; path = Base.lproj/Main.storyboard; sourceTree = "<group>"; };
		613E08E31D1CF6E20001F98A /* Assets.xcassets */ = {isa = PBXFileReference; lastKnownFileType = folder.assetcatalog; path = Assets.xcassets; sourceTree = "<group>"; };
		613E08E61D1CF6E20001F98A /* Base */ = {isa = PBXFileReference; lastKnownFileType = file.storyboard; name = Base; path = Base.lproj/LaunchScreen.storyboard; sourceTree = "<group>"; };
		613E08E81D1CF6E20001F98A /* Info.plist */ = {isa = PBXFileReference; lastKnownFileType = text.plist.xml; path = Info.plist; sourceTree = "<group>"; };
		613E08ED1D1CF6E20001F98A /* PrescriptionTests.xctest */ = {isa = PBXFileReference; explicitFileType = wrapper.cfbundle; includeInIndex = 0; path = PrescriptionTests.xctest; sourceTree = BUILT_PRODUCTS_DIR; };
		613E08F11D1CF6E20001F98A /* PrescriptionTests.swift */ = {isa = PBXFileReference; lastKnownFileType = sourcecode.swift; path = PrescriptionTests.swift; sourceTree = "<group>"; };
		613E08F31D1CF6E20001F98A /* Info.plist */ = {isa = PBXFileReference; lastKnownFileType = text.plist.xml; path = Info.plist; sourceTree = "<group>"; };
		613E08F81D1CF6E20001F98A /* PrescriptionUITests.xctest */ = {isa = PBXFileReference; explicitFileType = wrapper.cfbundle; includeInIndex = 0; path = PrescriptionUITests.xctest; sourceTree = BUILT_PRODUCTS_DIR; };
		613E08FC1D1CF6E20001F98A /* PrescriptionUITests.swift */ = {isa = PBXFileReference; lastKnownFileType = sourcecode.swift; path = PrescriptionUITests.swift; sourceTree = "<group>"; };
		613E08FE1D1CF6E20001F98A /* Info.plist */ = {isa = PBXFileReference; lastKnownFileType = text.plist.xml; path = Info.plist; sourceTree = "<group>"; };
		613E090A1D1CFDB30001F98A /* MapPharmacy.swift */ = {isa = PBXFileReference; fileEncoding = 4; lastKnownFileType = sourcecode.swift; path = MapPharmacy.swift; sourceTree = "<group>"; };
/* End PBXFileReference section */

/* Begin PBXFrameworksBuildPhase section */
		613E08D61D1CF6E20001F98A /* Frameworks */ = {
			isa = PBXFrameworksBuildPhase;
			buildActionMask = 2147483647;
			files = (
			);
			runOnlyForDeploymentPostprocessing = 0;
		};
		613E08EA1D1CF6E20001F98A /* Frameworks */ = {
			isa = PBXFrameworksBuildPhase;
			buildActionMask = 2147483647;
			files = (
			);
			runOnlyForDeploymentPostprocessing = 0;
		};
		613E08F51D1CF6E20001F98A /* Frameworks */ = {
			isa = PBXFrameworksBuildPhase;
			buildActionMask = 2147483647;
			files = (
			);
			runOnlyForDeploymentPostprocessing = 0;
		};
/* End PBXFrameworksBuildPhase section */

/* Begin PBXGroup section */
		613E08D01D1CF6E10001F98A = {
			isa = PBXGroup;
			children = (
				613E08DB1D1CF6E20001F98A /* Prescription */,
				613E08F01D1CF6E20001F98A /* PrescriptionTests */,
				613E08FB1D1CF6E20001F98A /* PrescriptionUITests */,
				613E08DA1D1CF6E20001F98A /* Products */,
			);
			sourceTree = "<group>";
		};
		613E08DA1D1CF6E20001F98A /* Products */ = {
			isa = PBXGroup;
			children = (
				613E08D91D1CF6E20001F98A /* Prescription.app */,
				613E08ED1D1CF6E20001F98A /* PrescriptionTests.xctest */,
				613E08F81D1CF6E20001F98A /* PrescriptionUITests.xctest */,
			);
			name = Products;
			sourceTree = "<group>";
		};
		613E08DB1D1CF6E20001F98A /* Prescription */ = {
			isa = PBXGroup;
			children = (
				613E08DC1D1CF6E20001F98A /* AppDelegate.swift */,
				613E08DE1D1CF6E20001F98A /* ViewController.swift */,
				613E08E01D1CF6E20001F98A /* Main.storyboard */,
				613E08E31D1CF6E20001F98A /* Assets.xcassets */,
				613E08E51D1CF6E20001F98A /* LaunchScreen.storyboard */,
				613E08E81D1CF6E20001F98A /* Info.plist */,
				613E090A1D1CFDB30001F98A /* MapPharmacy.swift */,
			);
			path = Prescription;
			sourceTree = "<group>";
		};
		613E08F01D1CF6E20001F98A /* PrescriptionTests */ = {
			isa = PBXGroup;
			children = (
				613E08F11D1CF6E20001F98A /* PrescriptionTests.swift */,
				613E08F31D1CF6E20001F98A /* Info.plist */,
			);
			path = PrescriptionTests;
			sourceTree = "<group>";
		};
		613E08FB1D1CF6E20001F98A /* PrescriptionUITests */ = {
			isa = PBXGroup;
			children = (
				613E08FC1D1CF6E20001F98A /* PrescriptionUITests.swift */,
				613E08FE1D1CF6E20001F98A /* Info.plist */,
			);
			path = PrescriptionUITests;
			sourceTree = "<group>";
		};
/* End PBXGroup section */

/* Begin PBXNativeTarget section */
		613E08D81D1CF6E20001F98A /* Prescription */ = {
			isa = PBXNativeTarget;
			buildConfigurationList = 613E09011D1CF6E20001F98A /* Build configuration list for PBXNativeTarget "Prescription" */;
			buildPhases = (
				613E08D51D1CF6E20001F98A /* Sources */,
				613E08D61D1CF6E20001F98A /* Frameworks */,
				613E08D71D1CF6E20001F98A /* Resources */,
			);
			buildRules = (
			);
			dependencies = (
			);
			name = Prescription;
			productName = Prescription;
			productReference = 613E08D91D1CF6E20001F98A /* Prescription.app */;
			productType = "com.apple.product-type.application";
		};
		613E08EC1D1CF6E20001F98A /* PrescriptionTests */ = {
			isa = PBXNativeTarget;
			buildConfigurationList = 613E09041D1CF6E20001F98A /* Build configuration list for PBXNativeTarget "PrescriptionTests" */;
			buildPhases = (
				613E08E91D1CF6E20001F98A /* Sources */,
				613E08EA1D1CF6E20001F98A /* Frameworks */,
				613E08EB1D1CF6E20001F98A /* Resources */,
			);
			buildRules = (
			);
			dependencies = (
				613E08EF1D1CF6E20001F98A /* PBXTargetDependency */,
			);
			name = PrescriptionTests;
			productName = PrescriptionTests;
			productReference = 613E08ED1D1CF6E20001F98A /* PrescriptionTests.xctest */;
			productType = "com.apple.product-type.bundle.unit-test";
		};
		613E08F71D1CF6E20001F98A /* PrescriptionUITests */ = {
			isa = PBXNativeTarget;
			buildConfigurationList = 613E09071D1CF6E20001F98A /* Build configuration list for PBXNativeTarget "PrescriptionUITests" */;
			buildPhases = (
				613E08F41D1CF6E20001F98A /* Sources */,
				613E08F51D1CF6E20001F98A /* Frameworks */,
				613E08F61D1CF6E20001F98A /* Resources */,
			);
			buildRules = (
			);
			dependencies = (
				613E08FA1D1CF6E20001F98A /* PBXTargetDependency */,
			);
			name = PrescriptionUITests;
			productName = PrescriptionUITests;
			productReference = 613E08F81D1CF6E20001F98A /* PrescriptionUITests.xctest */;
			productType = "com.apple.product-type.bundle.ui-testing";
		};
/* End PBXNativeTarget section */

/* Begin PBXProject section */
		613E08D11D1CF6E10001F98A /* Project object */ = {
			isa = PBXProject;
			attributes = {
				LastSwiftUpdateCheck = 0730;
				LastUpgradeCheck = 0730;
				ORGANIZATIONNAME = "CR Software";
				TargetAttributes = {
					613E08D81D1CF6E20001F98A = {
						CreatedOnToolsVersion = 7.3.1;
					};
					613E08EC1D1CF6E20001F98A = {
						CreatedOnToolsVersion = 7.3.1;
						TestTargetID = 613E08D81D1CF6E20001F98A;
					};
					613E08F71D1CF6E20001F98A = {
						CreatedOnToolsVersion = 7.3.1;
						TestTargetID = 613E08D81D1CF6E20001F98A;
					};
				};
			};
			buildConfigurationList = 613E08D41D1CF6E10001F98A /* Build configuration list for PBXProject "Prescription" */;
			compatibilityVersion = "Xcode 3.2";
			developmentRegion = English;
			hasScannedForEncodings = 0;
			knownRegions = (
				en,
				Base,
			);
			mainGroup = 613E08D01D1CF6E10001F98A;
			productRefGroup = 613E08DA1D1CF6E20001F98A /* Products */;
			projectDirPath = "";
			projectRoot = "";
			targets = (
				613E08D81D1CF6E20001F98A /* Prescription */,
				613E08EC1D1CF6E20001F98A /* PrescriptionTests */,
				613E08F71D1CF6E20001F98A /* PrescriptionUITests */,
			);
		};
/* End PBXProject section */

/* Begin PBXResourcesBuildPhase section */
		613E08D71D1CF6E20001F98A /* Resources */ = {
			isa = PBXResourcesBuildPhase;
			buildActionMask = 2147483647;
			files = (
				613E08E71D1CF6E20001F98A /* LaunchScreen.storyboard in Resources */,
				613E08E41D1CF6E20001F98A /* Assets.xcassets in Resources */,
				613E08E21D1CF6E20001F98A /* Main.storyboard in Resources */,
			);
			runOnlyForDeploymentPostprocessing = 0;
		};
		613E08EB1D1CF6E20001F98A /* Resources */ = {
			isa = PBXResourcesBuildPhase;
			buildActionMask = 2147483647;
			files = (
			);
			runOnlyForDeploymentPostprocessing = 0;
		};
		613E08F61D1CF6E20001F98A /* Resources */ = {
			isa = PBXResourcesBuildPhase;
			buildActionMask = 2147483647;
			files = (
			);
			runOnlyForDeploymentPostprocessing = 0;
		};
/* End PBXResourcesBuildPhase section */

/* Begin PBXSourcesBuildPhase section */
		613E08D51D1CF6E20001F98A /* Sources */ = {
			isa = PBXSourcesBuildPhase;
			buildActionMask = 2147483647;
			files = (
				613E08DF1D1CF6E20001F98A /* ViewController.swift in Sources */,
				613E090B1D1CFDB30001F98A /* MapPharmacy.swift in Sources */,
				613E08DD1D1CF6E20001F98A /* AppDelegate.swift in Sources */,
			);
			runOnlyForDeploymentPostprocessing = 0;
		};
		613E08E91D1CF6E20001F98A /* Sources */ = {
			isa = PBXSourcesBuildPhase;
			buildActionMask = 2147483647;
			files = (
				613E08F21D1CF6E20001F98A /* PrescriptionTests.swift in Sources */,
			);
			runOnlyForDeploymentPostprocessing = 0;
		};
		613E08F41D1CF6E20001F98A /* Sources */ = {
			isa = PBXSourcesBuildPhase;
			buildActionMask = 2147483647;
			files = (
				613E08FD1D1CF6E20001F98A /* PrescriptionUITests.swift in Sources */,
			);
			runOnlyForDeploymentPostprocessing = 0;
		};
/* End PBXSourcesBuildPhase section */

/* Begin PBXTargetDependency section */
		613E08EF1D1CF6E20001F98A /* PBXTargetDependency */ = {
			isa = PBXTargetDependency;
			target = 613E08D81D1CF6E20001F98A /* Prescription */;
			targetProxy = 613E08EE1D1CF6E20001F98A /* PBXContainerItemProxy */;
		};
		613E08FA1D1CF6E20001F98A /* PBXTargetDependency */ = {
			isa = PBXTargetDependency;
			target = 613E08D81D1CF6E20001F98A /* Prescription */;
			targetProxy = 613E08F91D1CF6E20001F98A /* PBXContainerItemProxy */;
		};
/* End PBXTargetDependency section */

/* Begin PBXVariantGroup section */
		613E08E01D1CF6E20001F98A /* Main.storyboard */ = {
			isa = PBXVariantGroup;
			children = (
				613E08E11D1CF6E20001F98A /* Base */,
			);
			name = Main.storyboard;
			sourceTree = "<group>";
		};
		613E08E51D1CF6E20001F98A /* LaunchScreen.storyboard */ = {
			isa = PBXVariantGroup;
			children = (
				613E08E61D1CF6E20001F98A /* Base */,
			);
			name = LaunchScreen.storyboard;
			sourceTree = "<group>";
		};
/* End PBXVariantGroup section */

/* Begin XCBuildConfiguration section */
		613E08FF1D1CF6E20001F98A /* Debug */ = {
			isa = XCBuildConfiguration;
			buildSettings = {
				ALWAYS_SEARCH_USER_PATHS = NO;
				CLANG_ANALYZER_NONNULL = YES;
				CLANG_CXX_LANGUAGE_STANDARD = "gnu++0x";
				CLANG_CXX_LIBRARY = "libc++";
				CLANG_ENABLE_MODULES = YES;
				CLANG_ENABLE_OBJC_ARC = YES;
				CLANG_WARN_BOOL_CONVERSION = YES;
				CLANG_WARN_CONSTANT_CONVERSION = YES;
				CLANG_WARN_DIRECT_OBJC_ISA_USAGE = YES_ERROR;
				CLANG_WARN_EMPTY_BODY = YES;
				CLANG_WARN_ENUM_CONVERSION = YES;
				CLANG_WARN_INT_CONVERSION = YES;
				CLANG_WARN_OBJC_ROOT_CLASS = YES_ERROR;
				CLANG_WARN_UNREACHABLE_CODE = YES;
				CLANG_WARN__DUPLICATE_METHOD_MATCH = YES;
				"CODE_SIGN_IDENTITY[sdk=iphoneos*]" = "iPhone Developer";
				COPY_PHASE_STRIP = NO;
				DEBUG_INFORMATION_FORMAT = dwarf;
				ENABLE_STRICT_OBJC_MSGSEND = YES;
				ENABLE_TESTABILITY = YES;
				GCC_C_LANGUAGE_STANDARD = gnu99;
				GCC_DYNAMIC_NO_PIC = NO;
				GCC_NO_COMMON_BLOCKS = YES;
				GCC_OPTIMIZATION_LEVEL = 0;
				GCC_PREPROCESSOR_DEFINITIONS = (
					"DEBUG=1",
					"$(inherited)",
				);
				GCC_WARN_64_TO_32_BIT_CONVERSION = YES;
				GCC_WARN_ABOUT_RETURN_TYPE = YES_ERROR;
				GCC_WARN_UNDECLARED_SELECTOR = YES;
				GCC_WARN_UNINITIALIZED_AUTOS = YES_AGGRESSIVE;
				GCC_WARN_UNUSED_FUNCTION = YES;
				GCC_WARN_UNUSED_VARIABLE = YES;
				IPHONEOS_DEPLOYMENT_TARGET = 9.3;
				MTL_ENABLE_DEBUG_INFO = YES;
				ONLY_ACTIVE_ARCH = YES;
				SDKROOT = iphoneos;
				SWIFT_OPTIMIZATION_LEVEL = "-Onone";
			};
			name = Debug;
		};
		613E09001D1CF6E20001F98A /* Release */ = {
			isa = XCBuildConfiguration;
			buildSettings = {
				ALWAYS_SEARCH_USER_PATHS = NO;
				CLANG_ANALYZER_NONNULL = YES;
				CLANG_CXX_LANGUAGE_STANDARD = "gnu++0x";
				CLANG_CXX_LIBRARY = "libc++";
				CLANG_ENABLE_MODULES = YES;
				CLANG_ENABLE_OBJC_ARC = YES;
				CLANG_WARN_BOOL_CONVERSION = YES;
				CLANG_WARN_CONSTANT_CONVERSION = YES;
				CLANG_WARN_DIRECT_OBJC_ISA_USAGE = YES_ERROR;
				CLANG_WARN_EMPTY_BODY = YES;
				CLANG_WARN_ENUM_CONVERSION = YES;
				CLANG_WARN_INT_CONVERSION = YES;
				CLANG_WARN_OBJC_ROOT_CLASS = YES_ERROR;
				CLANG_WARN_UNREACHABLE_CODE = YES;
				CLANG_WARN__DUPLICATE_METHOD_MATCH = YES;
				"CODE_SIGN_IDENTITY[sdk=iphoneos*]" = "iPhone Developer";
				COPY_PHASE_STRIP = NO;
				DEBUG_INFORMATION_FORMAT = "dwarf-with-dsym";
				ENABLE_NS_ASSERTIONS = NO;
				ENABLE_STRICT_OBJC_MSGSEND = YES;
				GCC_C_LANGUAGE_STANDARD = gnu99;
				GCC_NO_COMMON_BLOCKS = YES;
				GCC_WARN_64_TO_32_BIT_CONVERSION = YES;
				GCC_WARN_ABOUT_RETURN_TYPE = YES_ERROR;
				GCC_WARN_UNDECLARED_SELECTOR = YES;
				GCC_WARN_UNINITIALIZED_AUTOS = YES_AGGRESSIVE;
				GCC_WARN_UNUSED_FUNCTION = YES;
				GCC_WARN_UNUSED_VARIABLE = YES;
				IPHONEOS_DEPLOYMENT_TARGET = 9.3;
				MTL_ENABLE_DEBUG_INFO = NO;
				SDKROOT = iphoneos;
				VALIDATE_PRODUCT = YES;
			};
			name = Release;
		};
		613E09021D1CF6E20001F98A /* Debug */ = {
			isa = XCBuildConfiguration;
			buildSettings = {
				ASSETCATALOG_COMPILER_APPICON_NAME = AppIcon;
				INFOPLIST_FILE = Prescription/Info.plist;
				LD_RUNPATH_SEARCH_PATHS = "$(inherited) @executable_path/Frameworks";
				PRODUCT_BUNDLE_IDENTIFIER = com.crsoftware.Prescription;
				PRODUCT_NAME = "$(TARGET_NAME)";
			};
			name = Debug;
		};
		613E09031D1CF6E20001F98A /* Release */ = {
			isa = XCBuildConfiguration;
			buildSettings = {
				ASSETCATALOG_COMPILER_APPICON_NAME = AppIcon;
				INFOPLIST_FILE = Prescription/Info.plist;
				LD_RUNPATH_SEARCH_PATHS = "$(inherited) @executable_path/Frameworks";
				PRODUCT_BUNDLE_IDENTIFIER = com.crsoftware.Prescription;
				PRODUCT_NAME = "$(TARGET_NAME)";
			};
			name = Release;
		};
		613E09051D1CF6E20001F98A /* Debug */ = {
			isa = XCBuildConfiguration;
			buildSettings = {
				BUNDLE_LOADER = "$(TEST_HOST)";
				INFOPLIST_FILE = PrescriptionTests/Info.plist;
				LD_RUNPATH_SEARCH_PATHS = "$(inherited) @executable_path/Frameworks @loader_path/Frameworks";
				PRODUCT_BUNDLE_IDENTIFIER = com.crsoftware.PrescriptionTests;
				PRODUCT_NAME = "$(TARGET_NAME)";
				TEST_HOST = "$(BUILT_PRODUCTS_DIR)/Prescription.app/Prescription";
			};
			name = Debug;
		};
		613E09061D1CF6E20001F98A /* Release */ = {
			isa = XCBuildConfiguration;
			buildSettings = {
				BUNDLE_LOADER = "$(TEST_HOST)";
				INFOPLIST_FILE = PrescriptionTests/Info.plist;
				LD_RUNPATH_SEARCH_PATHS = "$(inherited) @executable_path/Frameworks @loader_path/Frameworks";
				PRODUCT_BUNDLE_IDENTIFIER = com.crsoftware.PrescriptionTests;
				PRODUCT_NAME = "$(TARGET_NAME)";
				TEST_HOST = "$(BUILT_PRODUCTS_DIR)/Prescription.app/Prescription";
			};
			name = Release;
		};
		613E09081D1CF6E20001F98A /* Debug */ = {
			isa = XCBuildConfiguration;
			buildSettings = {
				INFOPLIST_FILE = PrescriptionUITests/Info.plist;
				LD_RUNPATH_SEARCH_PATHS = "$(inherited) @executable_path/Frameworks @loader_path/Frameworks";
				PRODUCT_BUNDLE_IDENTIFIER = com.crsoftware.PrescriptionUITests;
				PRODUCT_NAME = "$(TARGET_NAME)";
				TEST_TARGET_NAME = Prescription;
			};
			name = Debug;
		};
		613E09091D1CF6E20001F98A /* Release */ = {
			isa = XCBuildConfiguration;
			buildSettings = {
				INFOPLIST_FILE = PrescriptionUITests/Info.plist;
				LD_RUNPATH_SEARCH_PATHS = "$(inherited) @executable_path/Frameworks @loader_path/Frameworks";
				PRODUCT_BUNDLE_IDENTIFIER = com.crsoftware.PrescriptionUITests;
				PRODUCT_NAME = "$(TARGET_NAME)";
				TEST_TARGET_NAME = Prescription;
			};
			name = Release;
		};
/* End XCBuildConfiguration section */

/* Begin XCConfigurationList section */
		613E08D41D1CF6E10001F98A /* Build configuration list for PBXProject "Prescription" */ = {
			isa = XCConfigurationList;
			buildConfigurations = (
				613E08FF1D1CF6E20001F98A /* Debug */,
				613E09001D1CF6E20001F98A /* Release */,
			);
			defaultConfigurationIsVisible = 0;
			defaultConfigurationName = Release;
		};
		613E09011D1CF6E20001F98A /* Build configuration list for PBXNativeTarget "Prescription" */ = {
			isa = XCConfigurationList;
			buildConfigurations = (
				613E09021D1CF6E20001F98A /* Debug */,
				613E09031D1CF6E20001F98A /* Release */,
			);
			defaultConfigurationIsVisible = 0;
		};
		613E09041D1CF6E20001F98A /* Build configuration list for PBXNativeTarget "PrescriptionTests" */ = {
			isa = XCConfigurationList;
			buildConfigurations = (
				613E09051D1CF6E20001F98A /* Debug */,
				613E09061D1CF6E20001F98A /* Release */,
			);
			defaultConfigurationIsVisible = 0;
		};
		613E09071D1CF6E20001F98A /* Build configuration list for PBXNativeTarget "PrescriptionUITests" */ = {
			isa = XCConfigurationList;
			buildConfigurations = (
				613E09081D1CF6E20001F98A /* Debug */,
				613E09091D1CF6E20001F98A /* Release */,
			);
			defaultConfigurationIsVisible = 0;
		};
/* End XCConfigurationList section */
	};
	rootObject = 613E08D11D1CF6E10001F98A /* Project object */;
}
